
Microsoft Visual Studio Solution File, Format Version 12.00
# Visual Studio Version 17
VisualStudioVersion = 17.7.34221.43
MinimumVisualStudioVersion = 10.0.40219.1
Project("{FAE04EC0-301F-11D3-BF4B-00C04F79EFBC}") = "NeuroSoft", "NeuroSoft.csproj", "{47A45F33-50DD-4F39-8576-816A7D49E55E}"
EndProject
Global
	GlobalSection(SolutionConfigurationPlatforms) = preSolution
		Debug|Any CPU = Debug|Any CPU
		Release|Any CPU = Release|Any CPU
	EndGlobalSection
	GlobalSection(ProjectConfigurationPlatforms) = postSolution
		{47A45F33-50DD-4F39-8576-816A7D49E55E}.Debug|Any CPU.ActiveCfg = Debug|Any CPU
		{47A45F33-50DD-4F39-8576-816A7D49E55E}.Debug|Any CPU.Build.0 = Debug|Any CPU
		{47A45F33-50DD-4F39-8576-816A7D49E55E}.Release|Any CPU.ActiveCfg = Release|Any CPU
		{47A45F33-50DD-4F39-8576-816A7D49E55E}.Release|Any CPU.Build.0 = Release|Any CPU
	EndGlobalSection
	GlobalSection(SolutionProperties) = preSolution
		HideSolutionNode = FALSE
	EndGlobalSection
	GlobalSection(ExtensibilityGlobals) = postSolution
		SolutionGuid = {5F6C3F36-BDEC-48C2-A3DE-6DB015504F34}
	EndGlobalSection
EndGlobal
